// !$*UTF8*$!
{
	archiveVersion = 1;
	classes = {
	};
	objectVersion = 46;
	objects = {

/* Begin PBXBuildFile section */
		DA3AE9371E57CFCC00A162B8 /* main.m in Sources */ = {isa = PBXBuildFile; fileRef = DA3AE9361E57CFCC00A162B8 /* main.m */; };
		DA3AE93A1E57CFCC00A162B8 /* AppDelegate.m in Sources */ = {isa = PBXBuildFile; fileRef = DA3AE9391E57CFCC00A162B8 /* AppDelegate.m */; };
		DA3AE93D1E57CFCC00A162B8 /* ViewController.m in Sources */ = {isa = PBXBuildFile; fileRef = DA3AE93C1E57CFCC00A162B8 /* ViewController.m */; };
		DA3AE9401E57CFCC00A162B8 /* Main.storyboard in Resources */ = {isa = PBXBuildFile; fileRef = DA3AE93E1E57CFCC00A162B8 /* Main.storyboard */; };
		DA3AE9431E57CFCC00A162B8 /* FingerPaintApp.xcdatamodeld in Sources */ = {isa = PBXBuildFile; fileRef = DA3AE9411E57CFCC00A162B8 /* FingerPaintApp.xcdatamodeld */; };
		DA3AE9451E57CFCC00A162B8 /* Assets.xcassets in Resources */ = {isa = PBXBuildFile; fileRef = DA3AE9441E57CFCC00A162B8 /* Assets.xcassets */; };
		DA3AE9481E57CFCC00A162B8 /* LaunchScreen.storyboard in Resources */ = {isa = PBXBuildFile; fileRef = DA3AE9461E57CFCC00A162B8 /* LaunchScreen.storyboard */; };
		DA3AE9511E57D7F700A162B8 /* CustomView.m in Sources */ = {isa = PBXBuildFile; fileRef = DA3AE9501E57D7F700A162B8 /* CustomView.m */; };
		DA3AE9541E58F07A00A162B8 /* SelectMenuView.m in Sources */ = {isa = PBXBuildFile; fileRef = DA3AE9531E58F07A00A162B8 /* SelectMenuView.m */; };
/* End PBXBuildFile section */

/* Begin PBXFileReference section */
		DA3AE9321E57CFCC00A162B8 /* FingerPaintApp.app */ = {isa = PBXFileReference; explicitFileType = wrapper.application; includeInIndex = 0; path = FingerPaintApp.app; sourceTree = BUILT_PRODUCTS_DIR; };
		DA3AE9361E57CFCC00A162B8 /* main.m */ = {isa = PBXFileReference; lastKnownFileType = sourcecode.c.objc; path = main.m; sourceTree = "<group>"; };
		DA3AE9381E57CFCC00A162B8 /* AppDelegate.h */ = {isa = PBXFileReference; lastKnownFileType = sourcecode.c.h; path = AppDelegate.h; sourceTree = "<group>"; };
		DA3AE9391E57CFCC00A162B8 /* AppDelegate.m */ = {isa = PBXFileReference; lastKnownFileType = sourcecode.c.objc; path = AppDelegate.m; sourceTree = "<group>"; };
		DA3AE93B1E57CFCC00A162B8 /* ViewController.h */ = {isa = PBXFileReference; lastKnownFileType = sourcecode.c.h; path = ViewController.h; sourceTree = "<group>"; };
		DA3AE93C1E57CFCC00A162B8 /* ViewController.m */ = {isa = PBXFileReference; lastKnownFileType = sourcecode.c.objc; path = ViewController.m; sourceTree = "<group>"; };
		DA3AE93F1E57CFCC00A162B8 /* Base */ = {isa = PBXFileReference; lastKnownFileType = file.storyboard; name = Base; path = Base.lproj/Main.storyboard; sourceTree = "<group>"; };
		DA3AE9421E57CFCC00A162B8 /* FingerPaintApp.xcdatamodel */ = {isa = PBXFileReference; lastKnownFileType = wrapper.xcdatamodel; path = FingerPaintApp.xcdatamodel; sourceTree = "<group>"; };
		DA3AE9441E57CFCC00A162B8 /* Assets.xcassets */ = {isa = PBXFileReference; lastKnownFileType = folder.assetcatalog; path = Assets.xcassets; sourceTree = "<group>"; };
		DA3AE9471E57CFCC00A162B8 /* Base */ = {isa = PBXFileReference; lastKnownFileType = file.storyboard; name = Base; path = Base.lproj/LaunchScreen.storyboard; sourceTree = "<group>"; };
		DA3AE9491E57CFCC00A162B8 /* Info.plist */ = {isa = PBXFileReference; lastKnownFileType = text.plist.xml; path = Info.plist; sourceTree = "<group>"; };
		DA3AE94F1E57D7F700A162B8 /* CustomView.h */ = {isa = PBXFileReference; fileEncoding = 4; lastKnownFileType = sourcecode.c.h; path = CustomView.h; sourceTree = "<group>"; };
		DA3AE9501E57D7F700A162B8 /* CustomView.m */ = {isa = PBXFileReference; fileEncoding = 4; lastKnownFileType = sourcecode.c.objc; path = CustomView.m; sourceTree = "<group>"; };
		DA3AE9521E58F07A00A162B8 /* SelectMenuView.h */ = {isa = PBXFileReference; fileEncoding = 4; lastKnownFileType = sourcecode.c.h; path = SelectMenuView.h; sourceTree = "<group>"; };
		DA3AE9531E58F07A00A162B8 /* SelectMenuView.m */ = {isa = PBXFileReference; fileEncoding = 4; lastKnownFileType = sourcecode.c.objc; path = SelectMenuView.m; sourceTree = "<group>"; };
		DA3AE9551E58FE9500A162B8 /* ViewControllerDelegate.h */ = {isa = PBXFileReference; fileEncoding = 4; lastKnownFileType = sourcecode.c.h; path = ViewControllerDelegate.h; sourceTree = "<group>"; };
/* End PBXFileReference section */

/* Begin PBXFrameworksBuildPhase section */
		DA3AE92F1E57CFCC00A162B8 /* Frameworks */ = {
			isa = PBXFrameworksBuildPhase;
			buildActionMask = 2147483647;
			files = (
			);
			runOnlyForDeploymentPostprocessing = 0;
		};
/* End PBXFrameworksBuildPhase section */

/* Begin PBXGroup section */
		DA3AE9291E57CFCC00A162B8 = {
			isa = PBXGroup;
			children = (
				DA3AE9341E57CFCC00A162B8 /* FingerPaintApp */,
				DA3AE9331E57CFCC00A162B8 /* Products */,
			);
			sourceTree = "<group>";
		};
		DA3AE9331E57CFCC00A162B8 /* Products */ = {
			isa = PBXGroup;
			children = (
				DA3AE9321E57CFCC00A162B8 /* FingerPaintApp.app */,
			);
			name = Products;
			sourceTree = "<group>";
		};
		DA3AE9341E57CFCC00A162B8 /* FingerPaintApp */ = {
			isa = PBXGroup;
			children = (
				DA3AE9381E57CFCC00A162B8 /* AppDelegate.h */,
				DA3AE9391E57CFCC00A162B8 /* AppDelegate.m */,
				DA3AE93B1E57CFCC00A162B8 /* ViewController.h */,
				DA3AE93C1E57CFCC00A162B8 /* ViewController.m */,
				DA3AE9551E58FE9500A162B8 /* ViewControllerDelegate.h */,
				DA3AE93E1E57CFCC00A162B8 /* Main.storyboard */,
				DA3AE9441E57CFCC00A162B8 /* Assets.xcassets */,
				DA3AE9461E57CFCC00A162B8 /* LaunchScreen.storyboard */,
				DA3AE9491E57CFCC00A162B8 /* Info.plist */,
				DA3AE9411E57CFCC00A162B8 /* FingerPaintApp.xcdatamodeld */,
				DA3AE9351E57CFCC00A162B8 /* Supporting Files */,
				DA3AE94F1E57D7F700A162B8 /* CustomView.h */,
				DA3AE9501E57D7F700A162B8 /* CustomView.m */,
				DA3AE9521E58F07A00A162B8 /* SelectMenuView.h */,
				DA3AE9531E58F07A00A162B8 /* SelectMenuView.m */,
			);
			path = FingerPaintApp;
			sourceTree = "<group>";
		};
		DA3AE9351E57CFCC00A162B8 /* Supporting Files */ = {
			isa = PBXGroup;
			children = (
				DA3AE9361E57CFCC00A162B8 /* main.m */,
			);
			name = "Supporting Files";
			sourceTree = "<group>";
		};
/* End PBXGroup section */

/* Begin PBXNativeTarget section */
		DA3AE9311E57CFCC00A162B8 /* FingerPaintApp */ = {
			isa = PBXNativeTarget;
			buildConfigurationList = DA3AE94C1E57CFCC00A162B8 /* Build configuration list for PBXNativeTarget "FingerPaintApp" */;
			buildPhases = (
				DA3AE92E1E57CFCC00A162B8 /* Sources */,
				DA3AE92F1E57CFCC00A162B8 /* Frameworks */,
				DA3AE9301E57CFCC00A162B8 /* Resources */,
			);
			buildRules = (
			);
			dependencies = (
			);
			name = FingerPaintApp;
			productName = FingerPaintApp;
			productReference = DA3AE9321E57CFCC00A162B8 /* FingerPaintApp.app */;
			productType = "com.apple.product-type.application";
		};
/* End PBXNativeTarget section */

/* Begin PBXProject section */
		DA3AE92A1E57CFCC00A162B8 /* Project object */ = {
			isa = PBXProject;
			attributes = {
				LastUpgradeCheck = 0820;
				ORGANIZATIONNAME = leomoon;
				TargetAttributes = {
					DA3AE9311E57CFCC00A162B8 = {
						CreatedOnToolsVersion = 8.2.1;
						DevelopmentTeam = UZD8JHA5UW;
						ProvisioningStyle = Automatic;
					};
				};
			};
			buildConfigurationList = DA3AE92D1E57CFCC00A162B8 /* Build configuration list for PBXProject "FingerPaintApp" */;
			compatibilityVersion = "Xcode 3.2";
			developmentRegion = English;
			hasScannedForEncodings = 0;
			knownRegions = (
				en,
				Base,
			);
			mainGroup = DA3AE9291E57CFCC00A162B8;
			productRefGroup = DA3AE9331E57CFCC00A162B8 /* Products */;
			projectDirPath = "";
			projectRoot = "";
			targets = (
				DA3AE9311E57CFCC00A162B8 /* FingerPaintApp */,
			);
		};
/* End PBXProject section */

/* Begin PBXResourcesBuildPhase section */
		DA3AE9301E57CFCC00A162B8 /* Resources */ = {
			isa = PBXResourcesBuildPhase;
			buildActionMask = 2147483647;
			files = (
				DA3AE9481E57CFCC00A162B8 /* LaunchScreen.storyboard in Resources */,
				DA3AE9451E57CFCC00A162B8 /* Assets.xcassets in Resources */,
				DA3AE9401E57CFCC00A162B8 /* Main.storyboard in Resources */,
			);
			runOnlyForDeploymentPostprocessing = 0;
		};
/* End PBXResourcesBuildPhase section */

/* Begin PBXSourcesBuildPhase section */
		DA3AE92E1E57CFCC00A162B8 /* Sources */ = {
			isa = PBXSourcesBuildPhase;
			buildActionMask = 2147483647;
			files = (
				DA3AE9511E57D7F700A162B8 /* CustomView.m in Sources */,
				DA3AE93D1E57CFCC00A162B8 /* ViewController.m in Sources */,
				DA3AE93A1E57CFCC00A162B8 /* AppDelegate.m in Sources */,
				DA3AE9371E57CFCC00A162B8 /* main.m in Sources */,
				DA3AE9431E57CFCC00A162B8 /* FingerPaintApp.xcdatamodeld in Sources */,
				DA3AE9541E58F07A00A162B8 /* SelectMenuView.m in Sources */,
			);
			runOnlyForDeploymentPostprocessing = 0;
		};
/* End PBXSourcesBuildPhase section */

/* Begin PBXVariantGroup section */
		DA3AE93E1E57CFCC00A162B8 /* Main.storyboard */ = {
			isa = PBXVariantGroup;
			children = (
				DA3AE93F1E57CFCC00A162B8 /* Base */,
			);
			name = Main.storyboard;
			sourceTree = "<group>";
		};
		DA3AE9461E57CFCC00A162B8 /* LaunchScreen.storyboard */ = {
			isa = PBXVariantGroup;
			children = (
				DA3AE9471E57CFCC00A162B8 /* Base */,
			);
			name = LaunchScreen.storyboard;
			sourceTree = "<group>";
		};
/* End PBXVariantGroup section */

/* Begin XCBuildConfiguration section */
		DA3AE94A1E57CFCC00A162B8 /* Debug */ = {
			isa = XCBuildConfiguration;
			buildSettings = {
				ALWAYS_SEARCH_USER_PATHS = NO;
				CLANG_ANALYZER_NONNULL = YES;
				CLANG_CXX_LANGUAGE_STANDARD = "gnu++0x";
				CLANG_CXX_LIBRARY = "libc++";
				CLANG_ENABLE_MODULES = YES;
				CLANG_ENABLE_OBJC_ARC = YES;
				CLANG_WARN_BOOL_CONVERSION = YES;
				CLANG_WARN_CONSTANT_CONVERSION = YES;
				CLANG_WARN_DIRECT_OBJC_ISA_USAGE = YES_ERROR;
				CLANG_WARN_DOCUMENTATION_COMMENTS = YES;
				CLANG_WARN_EMPTY_BODY = YES;
				CLANG_WARN_ENUM_CONVERSION = YES;
				CLANG_WARN_INFINITE_RECURSION = YES;
				CLANG_WARN_INT_CONVERSION = YES;
				CLANG_WARN_OBJC_ROOT_CLASS = YES_ERROR;
				CLANG_WARN_SUSPICIOUS_MOVE = YES;
				CLANG_WARN_UNREACHABLE_CODE = YES;
				CLANG_WARN__DUPLICATE_METHOD_MATCH = YES;
				"CODE_SIGN_IDENTITY[sdk=iphoneos*]" = "iPhone Developer";
				COPY_PHASE_STRIP = NO;
				DEBUG_INFORMATION_FORMAT = dwarf;
				ENABLE_STRICT_OBJC_MSGSEND = YES;
				ENABLE_TESTABILITY = YES;
				GCC_C_LANGUAGE_STANDARD = gnu99;
				GCC_DYNAMIC_NO_PIC = NO;
				GCC_NO_COMMON_BLOCKS = YES;
				GCC_OPTIMIZATION_LEVEL = 0;
				GCC_PREPROCESSOR_DEFINITIONS = (
					"DEBUG=1",
					"$(inherited)",
				);
				GCC_WARN_64_TO_32_BIT_CONVERSION = YES;
				GCC_WARN_ABOUT_RETURN_TYPE = YES_ERROR;
				GCC_WARN_UNDECLARED_SELECTOR = YES;
				GCC_WARN_UNINITIALIZED_AUTOS = YES_AGGRESSIVE;
				GCC_WARN_UNUSED_FUNCTION = YES;
				GCC_WARN_UNUSED_VARIABLE = YES;
				IPHONEOS_DEPLOYMENT_TARGET = 10.2;
				MTL_ENABLE_DEBUG_INFO = YES;
				ONLY_ACTIVE_ARCH = YES;
				SDKROOT = iphoneos;
				TARGETED_DEVICE_FAMILY = "1,2";
			};
			name = Debug;
		};
		DA3AE94B1E57CFCC00A162B8 /* Release */ = {
			isa = XCBuildConfiguration;
			buildSettings = {
				ALWAYS_SEARCH_USER_PATHS = NO;
				CLANG_ANALYZER_NONNULL = YES;
				CLANG_CXX_LANGUAGE_STANDARD = "gnu++0x";
				CLANG_CXX_LIBRARY = "libc++";
				CLANG_ENABLE_MODULES = YES;
				CLANG_ENABLE_OBJC_ARC = YES;
				CLANG_WARN_BOOL_CONVERSION = YES;
				CLANG_WARN_CONSTANT_CONVERSION = YES;
				CLANG_WARN_DIRECT_OBJC_ISA_USAGE = YES_ERROR;
				CLANG_WARN_DOCUMENTATION_COMMENTS = YES;
				CLANG_WARN_EMPTY_BODY = YES;
				CLANG_WARN_ENUM_CONVERSION = YES;
				CLANG_WARN_INFINITE_RECURSION = YES;
				CLANG_WARN_INT_CONVERSION = YES;
				CLANG_WARN_OBJC_ROOT_CLASS = YES_ERROR;
				CLANG_WARN_SUSPICIOUS_MOVE = YES;
				CLANG_WARN_UNREACHABLE_CODE = YES;
				CLANG_WARN__DUPLICATE_METHOD_MATCH = YES;
				"CODE_SIGN_IDENTITY[sdk=iphoneos*]" = "iPhone Developer";
				COPY_PHASE_STRIP = NO;
				DEBUG_INFORMATION_FORMAT = "dwarf-with-dsym";
				ENABLE_NS_ASSERTIONS = NO;
				ENABLE_STRICT_OBJC_MSGSEND = YES;
				GCC_C_LANGUAGE_STANDARD = gnu99;
				GCC_NO_COMMON_BLOCKS = YES;
				GCC_WARN_64_TO_32_BIT_CONVERSION = YES;
				GCC_WARN_ABOUT_RETURN_TYPE = YES_ERROR;
				GCC_WARN_UNDECLARED_SELECTOR = YES;
				GCC_WARN_UNINITIALIZED_AUTOS = YES_AGGRESSIVE;
				GCC_WARN_UNUSED_FUNCTION = YES;
				GCC_WARN_UNUSED_VARIABLE = YES;
				IPHONEOS_DEPLOYMENT_TARGET = 10.2;
				MTL_ENABLE_DEBUG_INFO = NO;
				SDKROOT = iphoneos;
				TARGETED_DEVICE_FAMILY = "1,2";
				VALIDATE_PRODUCT = YES;
			};
			name = Release;
		};
		DA3AE94D1E57CFCC00A162B8 /* Debug */ = {
			isa = XCBuildConfiguration;
			buildSettings = {
				ASSETCATALOG_COMPILER_APPICON_NAME = AppIcon;
				DEVELOPMENT_TEAM = UZD8JHA5UW;
				INFOPLIST_FILE = FingerPaintApp/Info.plist;
				LD_RUNPATH_SEARCH_PATHS = "$(inherited) @executable_path/Frameworks";
				PRODUCT_BUNDLE_IDENTIFIER = com.leomoon.FingerPaintApp;
				PRODUCT_NAME = "$(TARGET_NAME)";
			};
			name = Debug;
		};
		DA3AE94E1E57CFCC00A162B8 /* Release */ = {
			isa = XCBuildConfiguration;
			buildSettings = {
				ASSETCATALOG_COMPILER_APPICON_NAME = AppIcon;
				DEVELOPMENT_TEAM = UZD8JHA5UW;
				INFOPLIST_FILE = FingerPaintApp/Info.plist;
				LD_RUNPATH_SEARCH_PATHS = "$(inherited) @executable_path/Frameworks";
				PRODUCT_BUNDLE_IDENTIFIER = com.leomoon.FingerPaintApp;
				PRODUCT_NAME = "$(TARGET_NAME)";
			};
			name = Release;
		};
/* End XCBuildConfiguration section */

/* Begin XCConfigurationList section */
		DA3AE92D1E57CFCC00A162B8 /* Build configuration list for PBXProject "FingerPaintApp" */ = {
			isa = XCConfigurationList;
			buildConfigurations = (
				DA3AE94A1E57CFCC00A162B8 /* Debug */,
				DA3AE94B1E57CFCC00A162B8 /* Release */,
			);
			defaultConfigurationIsVisible = 0;
			defaultConfigurationName = Release;
		};
		DA3AE94C1E57CFCC00A162B8 /* Build configuration list for PBXNativeTarget "FingerPaintApp" */ = {
			isa = XCConfigurationList;
			buildConfigurations = (
				DA3AE94D1E57CFCC00A162B8 /* Debug */,
				DA3AE94E1E57CFCC00A162B8 /* Release */,
			);
			defaultConfigurationIsVisible = 0;
		};
/* End XCConfigurationList section */

/* Begin XCVersionGroup section */
		DA3AE9411E57CFCC00A162B8 /* FingerPaintApp.xcdatamodeld */ = {
			isa = XCVersionGroup;
			children = (
				DA3AE9421E57CFCC00A162B8 /* FingerPaintApp.xcdatamodel */,
			);
			currentVersion = DA3AE9421E57CFCC00A162B8 /* FingerPaintApp.xcdatamodel */;
			path = FingerPaintApp.xcdatamodeld;
			sourceTree = "<group>";
			versionGroupType = wrapper.xcdatamodel;
		};
/* End XCVersionGroup section */
	};
	rootObject = DA3AE92A1E57CFCC00A162B8 /* Project object */;
}
